
Microsoft Visual Studio Solution File, Format Version 12.00
# Visual Studio Version 16
VisualStudioVersion = 16.0.29418.71
MinimumVisualStudioVersion = 10.0.40219.1
Project("{FAE04EC0-301F-11D3-BF4B-00C04F79EFBC}") = "TestProject", "TestProject\TestProject.csproj", "{92B6899C-4BD4-4EB3-985C-5EED10979151}"
EndProject
Global
	GlobalSection(SolutionConfigurationPlatforms) = preSolution
		Debug|Any CPU = Debug|Any CPU
		Release|Any CPU = Release|Any CPU
	EndGlobalSection
	GlobalSection(ProjectConfigurationPlatforms) = postSolution
		{92B6899C-4BD4-4EB3-985C-5EED10979151}.Debug|Any CPU.ActiveCfg = Debug|Any CPU
		{92B6899C-4BD4-4EB3-985C-5EED10979151}.Debug|Any CPU.Build.0 = Debug|Any CPU
		{92B6899C-4BD4-4EB3-985C-5EED10979151}.Release|Any CPU.ActiveCfg = Release|Any CPU
		{92B6899C-4BD4-4EB3-985C-5EED10979151}.Release|Any CPU.Build.0 = Release|Any CPU
	EndGlobalSection
	GlobalSection(SolutionProperties) = preSolution
		HideSolutionNode = FALSE
	EndGlobalSection
	GlobalSection(ExtensibilityGlobals) = postSolution
		SolutionGuid = {CC5A8CEA-918D-4910-8D20-382F65262A4F}
	EndGlobalSection
EndGlobal
